
Microsoft Visual Studio Solution File, Format Version 12.00
# Visual Studio Version 17
VisualStudioVersion = 17.0.31903.59
MinimumVisualStudioVersion = 10.0.40219.1
Project("{9A19103F-16F7-4668-BE54-9A1E7A4F7556}") = "Restaurants.API", "Restaurants.API\Restaurants.API.csproj", "{30620098-848F-47D3-B5AF-83D990E4C529}"
EndProject
Project("{9A19103F-16F7-4668-BE54-9A1E7A4F7556}") = "Restaurants.Domain", "Restaurants.Domain\Restaurants.Domain.csproj", "{57B8C5B5-7168-47DD-A80E-F00FEC047253}"
EndProject
Project("{9A19103F-16F7-4668-BE54-9A1E7A4F7556}") = "Restaurants.Application", "Restaurants.Application\Restaurants.Application.csproj", "{A346001F-D74F-47AC-AD2A-D81068104354}"
EndProject
Project("{9A19103F-16F7-4668-BE54-9A1E7A4F7556}") = "Restaurants.Infra", "Restaurants.Infra\Restaurants.Infra.csproj", "{ABB64BFC-F523-402A-9E1E-DEAA103CEFC1}"
EndProject
Project("{2150E333-8FDC-42A3-9474-1A3956D46DE8}") = "Application", "Application", "{35329254-521E-44E8-B71E-10F60E4B0D94}"
EndProject
Project("{2150E333-8FDC-42A3-9474-1A3956D46DE8}") = "API", "API", "{EDEA8791-F4AB-4BDD-B14B-2B9298D0D373}"
EndProject
Project("{2150E333-8FDC-42A3-9474-1A3956D46DE8}") = "Domain", "Domain", "{DE4F5F8C-280C-49E6-BFDB-BA1DD646A1ED}"
EndProject
Project("{2150E333-8FDC-42A3-9474-1A3956D46DE8}") = "Infra", "Infra", "{45722991-E021-45F5-9738-43E5844F9A19}"
EndProject
Project("{FAE04EC0-301F-11D3-BF4B-00C04F79EFBC}") = "Restaurants.IoC", "Restaurants.IoC\Restaurants.IoC.csproj", "{974C0282-406D-4CA9-8DDA-6DF8B55480C9}"
EndProject
Global
	GlobalSection(SolutionConfigurationPlatforms) = preSolution
		Debug|Any CPU = Debug|Any CPU
		Release|Any CPU = Release|Any CPU
	EndGlobalSection
	GlobalSection(ProjectConfigurationPlatforms) = postSolution
		{30620098-848F-47D3-B5AF-83D990E4C529}.Debug|Any CPU.ActiveCfg = Debug|Any CPU
		{30620098-848F-47D3-B5AF-83D990E4C529}.Debug|Any CPU.Build.0 = Debug|Any CPU
		{30620098-848F-47D3-B5AF-83D990E4C529}.Release|Any CPU.ActiveCfg = Release|Any CPU
		{30620098-848F-47D3-B5AF-83D990E4C529}.Release|Any CPU.Build.0 = Release|Any CPU
		{57B8C5B5-7168-47DD-A80E-F00FEC047253}.Debug|Any CPU.ActiveCfg = Debug|Any CPU
		{57B8C5B5-7168-47DD-A80E-F00FEC047253}.Debug|Any CPU.Build.0 = Debug|Any CPU
		{57B8C5B5-7168-47DD-A80E-F00FEC047253}.Release|Any CPU.ActiveCfg = Release|Any CPU
		{57B8C5B5-7168-47DD-A80E-F00FEC047253}.Release|Any CPU.Build.0 = Release|Any CPU
		{A346001F-D74F-47AC-AD2A-D81068104354}.Debug|Any CPU.ActiveCfg = Debug|Any CPU
		{A346001F-D74F-47AC-AD2A-D81068104354}.Debug|Any CPU.Build.0 = Debug|Any CPU
		{A346001F-D74F-47AC-AD2A-D81068104354}.Release|Any CPU.ActiveCfg = Release|Any CPU
		{A346001F-D74F-47AC-AD2A-D81068104354}.Release|Any CPU.Build.0 = Release|Any CPU
		{ABB64BFC-F523-402A-9E1E-DEAA103CEFC1}.Debug|Any CPU.ActiveCfg = Debug|Any CPU
		{ABB64BFC-F523-402A-9E1E-DEAA103CEFC1}.Debug|Any CPU.Build.0 = Debug|Any CPU
		{ABB64BFC-F523-402A-9E1E-DEAA103CEFC1}.Release|Any CPU.ActiveCfg = Release|Any CPU
		{ABB64BFC-F523-402A-9E1E-DEAA103CEFC1}.Release|Any CPU.Build.0 = Release|Any CPU
		{974C0282-406D-4CA9-8DDA-6DF8B55480C9}.Debug|Any CPU.ActiveCfg = Debug|Any CPU
		{974C0282-406D-4CA9-8DDA-6DF8B55480C9}.Debug|Any CPU.Build.0 = Debug|Any CPU
		{974C0282-406D-4CA9-8DDA-6DF8B55480C9}.Release|Any CPU.ActiveCfg = Release|Any CPU
		{974C0282-406D-4CA9-8DDA-6DF8B55480C9}.Release|Any CPU.Build.0 = Release|Any CPU
	EndGlobalSection
	GlobalSection(SolutionProperties) = preSolution
		HideSolutionNode = FALSE
	EndGlobalSection
	GlobalSection(NestedProjects) = preSolution
		{30620098-848F-47D3-B5AF-83D990E4C529} = {EDEA8791-F4AB-4BDD-B14B-2B9298D0D373}
		{57B8C5B5-7168-47DD-A80E-F00FEC047253} = {DE4F5F8C-280C-49E6-BFDB-BA1DD646A1ED}
		{A346001F-D74F-47AC-AD2A-D81068104354} = {35329254-521E-44E8-B71E-10F60E4B0D94}
		{ABB64BFC-F523-402A-9E1E-DEAA103CEFC1} = {45722991-E021-45F5-9738-43E5844F9A19}
		{974C0282-406D-4CA9-8DDA-6DF8B55480C9} = {45722991-E021-45F5-9738-43E5844F9A19}
	EndGlobalSection
	GlobalSection(ExtensibilityGlobals) = postSolution
		SolutionGuid = {76B17848-AE60-4963-9DC0-D7566FE864CB}
	EndGlobalSection
EndGlobal
